Microsoft Visual Studio Solution File, Format Version 12.00
# Visual Studio Version 17
VisualStudioVersion = 17.5.2.0
MinimumVisualStudioVersion = 10.0.40219.1
Project("{FAE04EC0-301F-11D3-BF4B-00C04F79EFBC}") = "PlusMinus", "PlusMinus\PlusMinus.csproj", "{2DC7FCDB-745E-4802-8F6A-7E3FFFEC1558}"
EndProject
Project("{FAE04EC0-301F-11D3-BF4B-00C04F79EFBC}") = "MinMaxSum", "MinMaxSum\MinMaxSum.csproj", "{702AEBF5-4391-44DD-860B-3C4390CC18BE}"
EndProject
Project("{FAE04EC0-301F-11D3-BF4B-00C04F79EFBC}") = "TimeConversion", "TimeConversion\TimeConversion.csproj", "{6E0D67F3-C545-4671-A46C-C8B8418BC392}"
EndProject
Project("{FAE04EC0-301F-11D3-BF4B-00C04F79EFBC}") = "LonelyInteger", "LonelyInteger\LonelyInteger.csproj", "{2A0CF1BC-1FBB-465C-A82F-4E2116ABB884}"
EndProject
Global
	GlobalSection(SolutionConfigurationPlatforms) = preSolution
		Debug|Any CPU = Debug|Any CPU
		Release|Any CPU = Release|Any CPU
	EndGlobalSection
	GlobalSection(ProjectConfigurationPlatforms) = postSolution
		{2DC7FCDB-745E-4802-8F6A-7E3FFFEC1558}.Debug|Any CPU.ActiveCfg = Debug|Any CPU
		{2DC7FCDB-745E-4802-8F6A-7E3FFFEC1558}.Debug|Any CPU.Build.0 = Debug|Any CPU
		{2DC7FCDB-745E-4802-8F6A-7E3FFFEC1558}.Release|Any CPU.ActiveCfg = Release|Any CPU
		{2DC7FCDB-745E-4802-8F6A-7E3FFFEC1558}.Release|Any CPU.Build.0 = Release|Any CPU
		{702AEBF5-4391-44DD-860B-3C4390CC18BE}.Debug|Any CPU.ActiveCfg = Debug|Any CPU
		{702AEBF5-4391-44DD-860B-3C4390CC18BE}.Debug|Any CPU.Build.0 = Debug|Any CPU
		{702AEBF5-4391-44DD-860B-3C4390CC18BE}.Release|Any CPU.ActiveCfg = Release|Any CPU
		{702AEBF5-4391-44DD-860B-3C4390CC18BE}.Release|Any CPU.Build.0 = Release|Any CPU
		{6E0D67F3-C545-4671-A46C-C8B8418BC392}.Debug|Any CPU.ActiveCfg = Debug|Any CPU
		{6E0D67F3-C545-4671-A46C-C8B8418BC392}.Debug|Any CPU.Build.0 = Debug|Any CPU
		{6E0D67F3-C545-4671-A46C-C8B8418BC392}.Release|Any CPU.ActiveCfg = Release|Any CPU
		{6E0D67F3-C545-4671-A46C-C8B8418BC392}.Release|Any CPU.Build.0 = Release|Any CPU
		{2A0CF1BC-1FBB-465C-A82F-4E2116ABB884}.Debug|Any CPU.ActiveCfg = Debug|Any CPU
		{2A0CF1BC-1FBB-465C-A82F-4E2116ABB884}.Debug|Any CPU.Build.0 = Debug|Any CPU
		{2A0CF1BC-1FBB-465C-A82F-4E2116ABB884}.Release|Any CPU.ActiveCfg = Release|Any CPU
		{2A0CF1BC-1FBB-465C-A82F-4E2116ABB884}.Release|Any CPU.Build.0 = Release|Any CPU
	EndGlobalSection
	GlobalSection(SolutionProperties) = preSolution
		HideSolutionNode = FALSE
	EndGlobalSection
	GlobalSection(ExtensibilityGlobals) = postSolution
		SolutionGuid = {386D5571-D31D-4138-AC31-9ABF387E8730}
	EndGlobalSection
EndGlobal
